<Solution>
  <Project Path="Assembly-CSharp-firstpass.csproj" />
  <Project Path="Assembly-CSharp.csproj" />
  <Project Path="Assembly-CSharp-Editor.csproj" />
  <Project Path="Unity.AI.Navigation.Samples.csproj" />
  <Project Path="Assembly-CSharp-Editor-firstpass.csproj" />
  <Project Path="UMotionSourceEditor.csproj" />
  <Project Path="CFXRDemo.csproj" />
  <Project Path="ToonyColorsPro.Demo.Editor.csproj" />
  <Project Path="CFXREditor.csproj" />
  <Project Path="CFXRRuntime.csproj" />
  <Project Path="KinoBloom.Runtime.csproj" />
  <Project Path="UMotionSourceApplication.csproj" />
  <Project Path="Unity.AI.Navigation.Samples.Initialization.Editor.csproj" />
  <Project Path="CFXR.WelcomeScreen.csproj" />
</Solution>
